<?xml version="1.0" encoding="UTF-8" standalone="yes" ?>
<CodeBlocks_project_file>
	<FileVersion major="1" minor="6" />
	<Project>
		<Option title="Intento" />
		<Option pch_mode="2" />
		<Option compiler="gcc" />
		<Build>
			<Target title="Debug">
				<Option output="bin/Debug/Intento" prefix_auto="1" extension_auto="1" />
				<Option object_output="obj/Debug/" />
				<Option type="1" />
				<Option compiler="gcc" />
				<Compiler>
					<Add option="-g" />
				</Compiler>
			</Target>
			<Target title="Release">
				<Option output="bin/Release/Intento" prefix_auto="1" extension_auto="1" />
				<Option object_output="obj/Release/" />
				<Option type="1" />
				<Option compiler="gcc" />
				<Compiler>
					<Add option="-O2" />
				</Compiler>
				<Linker>
					<Add option="-s" />
				</Linker>
			</Target>
		</Build>
		<Compiler>
			<Add option="-Wall" />
			<Add option="-fexceptions" />
		</Compiler>
		<Unit filename="Circulo.cpp" />
		<Unit filename="Cuadrado.cpp" />
		<Unit filename="Elipse.cpp" />
		<Unit filename="Figuras.cpp" />
		<Unit filename="Figuras.h" />
		<Unit filename="circulo.h" />
		<Unit filename="cuadrado.h" />
		<Unit filename="elipse.h" />
		<Unit filename="forma.cpp" />
		<Unit filename="formas.h" />
		<Unit filename="main.cpp" />
		<Unit filename="miniwin.cpp" />
		<Unit filename="miniwin.h" />
		<Unit filename="rectangulo.cpp" />
		<Unit filename="rectangulo.h" />
		<Extensions />
	</Project>
</CodeBlocks_project_file>
